// !$*UTF8*$!
{
	archiveVersion = 1;
	classes = {
	};
	objectVersion = 55;
	objects = {

/* Begin PBXBuildFile section */
		6D7C78E1283A7C2F006038D3 /* ThymeTraqueApp.swift in Sources */ = {isa = PBXBuildFile; fileRef = 6D7C78E0283A7C2F006038D3 /* ThymeTraqueApp.swift */; };
		6D7C78E3283A7C2F006038D3 /* ContentView.swift in Sources */ = {isa = PBXBuildFile; fileRef = 6D7C78E2283A7C2F006038D3 /* ContentView.swift */; };
		6D7C78E5283A7C31006038D3 /* Assets.xcassets in Resources */ = {isa = PBXBuildFile; fileRef = 6D7C78E4283A7C31006038D3 /* Assets.xcassets */; };
		6D7C78E8283A7C31006038D3 /* Preview Assets.xcassets in Resources */ = {isa = PBXBuildFile; fileRef = 6D7C78E7283A7C31006038D3 /* Preview Assets.xcassets */; };
		6D7C78F5283A7C53006038D3 /* ThymeTraqueTests.swift in Sources */ = {isa = PBXBuildFile; fileRef = 6D7C78F4283A7C53006038D3 /* ThymeTraqueTests.swift */; };
		6D7C78FD283A7C98006038D3 /* ComposableArchitecture in Frameworks */ = {isa = PBXBuildFile; productRef = 6D7C78FC283A7C98006038D3 /* ComposableArchitecture */; };
		6D7C7907283A8944006038D3 /* TrackView.swift in Sources */ = {isa = PBXBuildFile; fileRef = 6D7C7906283A8944006038D3 /* TrackView.swift */; };
		6D7C7909283A8955006038D3 /* HistoryView.swift in Sources */ = {isa = PBXBuildFile; fileRef = 6D7C7908283A8955006038D3 /* HistoryView.swift */; };
		6D7C790D283AA817006038D3 /* Logger.swift in Sources */ = {isa = PBXBuildFile; fileRef = 6D7C790C283AA817006038D3 /* Logger.swift */; };
		6D7C7910283AB0DC006038D3 /* AppEnvironment.swift in Sources */ = {isa = PBXBuildFile; fileRef = 6D7C790F283AB0DC006038D3 /* AppEnvironment.swift */; };
		6D7C7913283ABBBE006038D3 /* DateFormatter+Default.swift in Sources */ = {isa = PBXBuildFile; fileRef = 6D7C7912283ABBBE006038D3 /* DateFormatter+Default.swift */; };
		6D7C7917283B558C006038D3 /* AppAction.swift in Sources */ = {isa = PBXBuildFile; fileRef = 6D7C7916283B558C006038D3 /* AppAction.swift */; };
		6D7C7919283B55A2006038D3 /* AppState.swift in Sources */ = {isa = PBXBuildFile; fileRef = 6D7C7918283B55A2006038D3 /* AppState.swift */; };
		6DB01D51283B69F7005C9EE7 /* AppReducer.swift in Sources */ = {isa = PBXBuildFile; fileRef = 6DB01D50283B69F7005C9EE7 /* AppReducer.swift */; };
		6DB01D54283B6EFD005C9EE7 /* ReducerProducer.swift in Sources */ = {isa = PBXBuildFile; fileRef = 6DB01D53283B6EFD005C9EE7 /* ReducerProducer.swift */; };
		6DB01D5A283B7DAB005C9EE7 /* TrackAction.swift in Sources */ = {isa = PBXBuildFile; fileRef = 6DB01D59283B7DAB005C9EE7 /* TrackAction.swift */; };
		6DB01D5C283B7DDF005C9EE7 /* TrackEnvironment.swift in Sources */ = {isa = PBXBuildFile; fileRef = 6DB01D5B283B7DDF005C9EE7 /* TrackEnvironment.swift */; };
		6DB01D5E283B7DE5005C9EE7 /* TrackReducer.swift in Sources */ = {isa = PBXBuildFile; fileRef = 6DB01D5D283B7DE5005C9EE7 /* TrackReducer.swift */; };
		6DB01D60283B7E16005C9EE7 /* TrackState.swift in Sources */ = {isa = PBXBuildFile; fileRef = 6DB01D5F283B7E16005C9EE7 /* TrackState.swift */; };
		6DB01D63283B805F005C9EE7 /* AppStore.swift in Sources */ = {isa = PBXBuildFile; fileRef = 6DB01D62283B805F005C9EE7 /* AppStore.swift */; };
		6DB01D66283B8558005C9EE7 /* TrackStore.swift in Sources */ = {isa = PBXBuildFile; fileRef = 6DB01D65283B8558005C9EE7 /* TrackStore.swift */; };
		6DB01D69283B872A005C9EE7 /* TimeIntervalFormatter.swift in Sources */ = {isa = PBXBuildFile; fileRef = 6DB01D68283B872A005C9EE7 /* TimeIntervalFormatter.swift */; };
		6DB01D6B283B9174005C9EE7 /* TrackReducerTests.swift in Sources */ = {isa = PBXBuildFile; fileRef = 6DB01D6A283B9174005C9EE7 /* TrackReducerTests.swift */; };
		6DB01D6E283B93DF005C9EE7 /* DateProvider.swift in Sources */ = {isa = PBXBuildFile; fileRef = 6DB01D6D283B93DF005C9EE7 /* DateProvider.swift */; };
		6DB01D79283BC542005C9EE7 /* HistoryEntry.swift in Sources */ = {isa = PBXBuildFile; fileRef = 6DB01D78283BC542005C9EE7 /* HistoryEntry.swift */; };
		6DB01D7D283BC6DB005C9EE7 /* HistoryEntryPresistence.swift in Sources */ = {isa = PBXBuildFile; fileRef = 6DB01D7C283BC6DB005C9EE7 /* HistoryEntryPresistence.swift */; };
/* End PBXBuildFile section */

/* Begin PBXContainerItemProxy section */
		6D7C78F6283A7C53006038D3 /* PBXContainerItemProxy */ = {
			isa = PBXContainerItemProxy;
			containerPortal = 6D7C78D5283A7C2F006038D3 /* Project object */;
			proxyType = 1;
			remoteGlobalIDString = 6D7C78DC283A7C2F006038D3;
			remoteInfo = ThymeTraque;
		};
/* End PBXContainerItemProxy section */

/* Begin PBXFileReference section */
		6D7C78DD283A7C2F006038D3 /* ThymeTraque.app */ = {isa = PBXFileReference; explicitFileType = wrapper.application; includeInIndex = 0; path = ThymeTraque.app; sourceTree = BUILT_PRODUCTS_DIR; };
		6D7C78E0283A7C2F006038D3 /* ThymeTraqueApp.swift */ = {isa = PBXFileReference; lastKnownFileType = sourcecode.swift; path = ThymeTraqueApp.swift; sourceTree = "<group>"; };
		6D7C78E2283A7C2F006038D3 /* ContentView.swift */ = {isa = PBXFileReference; lastKnownFileType = sourcecode.swift; path = ContentView.swift; sourceTree = "<group>"; };
		6D7C78E4283A7C31006038D3 /* Assets.xcassets */ = {isa = PBXFileReference; lastKnownFileType = folder.assetcatalog; path = Assets.xcassets; sourceTree = "<group>"; };
		6D7C78E7283A7C31006038D3 /* Preview Assets.xcassets */ = {isa = PBXFileReference; lastKnownFileType = folder.assetcatalog; path = "Preview Assets.xcassets"; sourceTree = "<group>"; };
		6D7C78F2283A7C53006038D3 /* ThymeTraqueTests.xctest */ = {isa = PBXFileReference; explicitFileType = wrapper.cfbundle; includeInIndex = 0; path = ThymeTraqueTests.xctest; sourceTree = BUILT_PRODUCTS_DIR; };
		6D7C78F4283A7C53006038D3 /* ThymeTraqueTests.swift */ = {isa = PBXFileReference; lastKnownFileType = sourcecode.swift; path = ThymeTraqueTests.swift; sourceTree = "<group>"; };
		6D7C78FE283A7CE9006038D3 /* README.md */ = {isa = PBXFileReference; lastKnownFileType = net.daringfireball.markdown; path = README.md; sourceTree = "<group>"; };
		6D7C7906283A8944006038D3 /* TrackView.swift */ = {isa = PBXFileReference; lastKnownFileType = sourcecode.swift; path = TrackView.swift; sourceTree = "<group>"; };
		6D7C7908283A8955006038D3 /* HistoryView.swift */ = {isa = PBXFileReference; lastKnownFileType = sourcecode.swift; path = HistoryView.swift; sourceTree = "<group>"; };
		6D7C790C283AA817006038D3 /* Logger.swift */ = {isa = PBXFileReference; lastKnownFileType = sourcecode.swift; path = Logger.swift; sourceTree = "<group>"; };
		6D7C790F283AB0DC006038D3 /* AppEnvironment.swift */ = {isa = PBXFileReference; lastKnownFileType = sourcecode.swift; path = AppEnvironment.swift; sourceTree = "<group>"; };
		6D7C7912283ABBBE006038D3 /* DateFormatter+Default.swift */ = {isa = PBXFileReference; lastKnownFileType = sourcecode.swift; path = "DateFormatter+Default.swift"; sourceTree = "<group>"; };
		6D7C7916283B558C006038D3 /* AppAction.swift */ = {isa = PBXFileReference; lastKnownFileType = sourcecode.swift; path = AppAction.swift; sourceTree = "<group>"; };
		6D7C7918283B55A2006038D3 /* AppState.swift */ = {isa = PBXFileReference; lastKnownFileType = sourcecode.swift; path = AppState.swift; sourceTree = "<group>"; };
		6DB01D50283B69F7005C9EE7 /* AppReducer.swift */ = {isa = PBXFileReference; lastKnownFileType = sourcecode.swift; path = AppReducer.swift; sourceTree = "<group>"; };
		6DB01D53283B6EFD005C9EE7 /* ReducerProducer.swift */ = {isa = PBXFileReference; lastKnownFileType = sourcecode.swift; path = ReducerProducer.swift; sourceTree = "<group>"; };
		6DB01D59283B7DAB005C9EE7 /* TrackAction.swift */ = {isa = PBXFileReference; lastKnownFileType = sourcecode.swift; path = TrackAction.swift; sourceTree = "<group>"; };
		6DB01D5B283B7DDF005C9EE7 /* TrackEnvironment.swift */ = {isa = PBXFileReference; lastKnownFileType = sourcecode.swift; path = TrackEnvironment.swift; sourceTree = "<group>"; };
		6DB01D5D283B7DE5005C9EE7 /* TrackReducer.swift */ = {isa = PBXFileReference; lastKnownFileType = sourcecode.swift; path = TrackReducer.swift; sourceTree = "<group>"; };
		6DB01D5F283B7E16005C9EE7 /* TrackState.swift */ = {isa = PBXFileReference; lastKnownFileType = sourcecode.swift; path = TrackState.swift; sourceTree = "<group>"; };
		6DB01D62283B805F005C9EE7 /* AppStore.swift */ = {isa = PBXFileReference; lastKnownFileType = sourcecode.swift; path = AppStore.swift; sourceTree = "<group>"; };
		6DB01D65283B8558005C9EE7 /* TrackStore.swift */ = {isa = PBXFileReference; lastKnownFileType = sourcecode.swift; path = TrackStore.swift; sourceTree = "<group>"; };
		6DB01D68283B872A005C9EE7 /* TimeIntervalFormatter.swift */ = {isa = PBXFileReference; lastKnownFileType = sourcecode.swift; path = TimeIntervalFormatter.swift; sourceTree = "<group>"; };
		6DB01D6A283B9174005C9EE7 /* TrackReducerTests.swift */ = {isa = PBXFileReference; lastKnownFileType = sourcecode.swift; path = TrackReducerTests.swift; sourceTree = "<group>"; };
		6DB01D6D283B93DF005C9EE7 /* DateProvider.swift */ = {isa = PBXFileReference; lastKnownFileType = sourcecode.swift; path = DateProvider.swift; sourceTree = "<group>"; };
		6DB01D78283BC542005C9EE7 /* HistoryEntry.swift */ = {isa = PBXFileReference; lastKnownFileType = sourcecode.swift; path = HistoryEntry.swift; sourceTree = "<group>"; };
		6DB01D7C283BC6DB005C9EE7 /* HistoryEntryPresistence.swift */ = {isa = PBXFileReference; lastKnownFileType = sourcecode.swift; path = HistoryEntryPresistence.swift; sourceTree = "<group>"; };
/* End PBXFileReference section */

/* Begin PBXFrameworksBuildPhase section */
		6D7C78DA283A7C2F006038D3 /* Frameworks */ = {
			isa = PBXFrameworksBuildPhase;
			buildActionMask = 2147483647;
			files = (
				6D7C78FD283A7C98006038D3 /* ComposableArchitecture in Frameworks */,
			);
			runOnlyForDeploymentPostprocessing = 0;
		};
		6D7C78EF283A7C53006038D3 /* Frameworks */ = {
			isa = PBXFrameworksBuildPhase;
			buildActionMask = 2147483647;
			files = (
			);
			runOnlyForDeploymentPostprocessing = 0;
		};
/* End PBXFrameworksBuildPhase section */

/* Begin PBXGroup section */
		6D7C78D4283A7C2F006038D3 = {
			isa = PBXGroup;
			children = (
				6D7C78FE283A7CE9006038D3 /* README.md */,
				6D7C78DF283A7C2F006038D3 /* ThymeTraque */,
				6D7C78F3283A7C53006038D3 /* ThymeTraqueTests */,
				6D7C78DE283A7C2F006038D3 /* Products */,
			);
			sourceTree = "<group>";
		};
		6D7C78DE283A7C2F006038D3 /* Products */ = {
			isa = PBXGroup;
			children = (
				6D7C78DD283A7C2F006038D3 /* ThymeTraque.app */,
				6D7C78F2283A7C53006038D3 /* ThymeTraqueTests.xctest */,
			);
			name = Products;
			sourceTree = "<group>";
		};
		6D7C78DF283A7C2F006038D3 /* ThymeTraque */ = {
			isa = PBXGroup;
			children = (
				6DB01D76283BC525005C9EE7 /* Model */,
				6D7C78FF283A88C5006038D3 /* Features */,
				6D7C790A283AA7EC006038D3 /* Services */,
				6D7C78E0283A7C2F006038D3 /* ThymeTraqueApp.swift */,
				6D7C78E4283A7C31006038D3 /* Assets.xcassets */,
				6D7C78E6283A7C31006038D3 /* Preview Content */,
			);
			path = ThymeTraque;
			sourceTree = "<group>";
		};
		6D7C78E6283A7C31006038D3 /* Preview Content */ = {
			isa = PBXGroup;
			children = (
				6D7C78E7283A7C31006038D3 /* Preview Assets.xcassets */,
			);
			path = "Preview Content";
			sourceTree = "<group>";
		};
		6D7C78F3283A7C53006038D3 /* ThymeTraqueTests */ = {
			isa = PBXGroup;
			children = (
				6D7C78F4283A7C53006038D3 /* ThymeTraqueTests.swift */,
				6DB01D6A283B9174005C9EE7 /* TrackReducerTests.swift */,
			);
			path = ThymeTraqueTests;
			sourceTree = "<group>";
		};
		6D7C78FF283A88C5006038D3 /* Features */ = {
			isa = PBXGroup;
			children = (
				6D7C7900283A88D0006038D3 /* App */,
				6D7C7901283A88D7006038D3 /* Track */,
				6D7C7902283A88DD006038D3 /* History */,
			);
			path = Features;
			sourceTree = "<group>";
		};
		6D7C7900283A88D0006038D3 /* App */ = {
			isa = PBXGroup;
			children = (
				6D7C7914283B5579006038D3 /* Action */,
				6D7C790E283AB0C0006038D3 /* Environment */,
				6DB01D4F283B69EA005C9EE7 /* Reducer */,
				6D7C7915283B5582006038D3 /* State */,
				6DB01D61283B801C005C9EE7 /* Store */,
				6D7C7903283A8910006038D3 /* View */,
			);
			path = App;
			sourceTree = "<group>";
		};
		6D7C7901283A88D7006038D3 /* Track */ = {
			isa = PBXGroup;
			children = (
				6DB01D55283B7D3F005C9EE7 /* Action */,
				6DB01D56283B7D49005C9EE7 /* Environment */,
				6DB01D58283B7D60005C9EE7 /* Reducer */,
				6DB01D57283B7D56005C9EE7 /* State */,
				6DB01D64283B854A005C9EE7 /* Store */,
				6D7C7904283A8928006038D3 /* View */,
			);
			path = Track;
			sourceTree = "<group>";
		};
		6D7C7902283A88DD006038D3 /* History */ = {
			isa = PBXGroup;
			children = (
				6D7C7905283A8930006038D3 /* View */,
			);
			path = History;
			sourceTree = "<group>";
		};
		6D7C7903283A8910006038D3 /* View */ = {
			isa = PBXGroup;
			children = (
				6D7C78E2283A7C2F006038D3 /* ContentView.swift */,
			);
			path = View;
			sourceTree = "<group>";
		};
		6D7C7904283A8928006038D3 /* View */ = {
			isa = PBXGroup;
			children = (
				6D7C7906283A8944006038D3 /* TrackView.swift */,
			);
			path = View;
			sourceTree = "<group>";
		};
		6D7C7905283A8930006038D3 /* View */ = {
			isa = PBXGroup;
			children = (
				6D7C7908283A8955006038D3 /* HistoryView.swift */,
			);
			path = View;
			sourceTree = "<group>";
		};
		6D7C790A283AA7EC006038D3 /* Services */ = {
			isa = PBXGroup;
			children = (
				6DB01D6C283B93CF005C9EE7 /* DateProvider */,
				6D7C7911283ABBB2006038D3 /* DateFormatter */,
				6DB01D7B283BC6C4005C9EE7 /* HistoryEntryPersistence */,
				6D7C790B283AA7F6006038D3 /* Logger */,
				6DB01D52283B6EEF005C9EE7 /* ReducerProducer */,
				6DB01D67283B8718005C9EE7 /* TimeIntervalFormatter */,
			);
			path = Services;
			sourceTree = "<group>";
		};
		6D7C790B283AA7F6006038D3 /* Logger */ = {
			isa = PBXGroup;
			children = (
				6D7C790C283AA817006038D3 /* Logger.swift */,
			);
			path = Logger;
			sourceTree = "<group>";
		};
		6D7C790E283AB0C0006038D3 /* Environment */ = {
			isa = PBXGroup;
			children = (
				6D7C790F283AB0DC006038D3 /* AppEnvironment.swift */,
			);
			path = Environment;
			sourceTree = "<group>";
		};
		6D7C7911283ABBB2006038D3 /* DateFormatter */ = {
			isa = PBXGroup;
			children = (
				6D7C7912283ABBBE006038D3 /* DateFormatter+Default.swift */,
			);
			path = DateFormatter;
			sourceTree = "<group>";
		};
		6D7C7914283B5579006038D3 /* Action */ = {
			isa = PBXGroup;
			children = (
				6D7C7916283B558C006038D3 /* AppAction.swift */,
			);
			path = Action;
			sourceTree = "<group>";
		};
		6D7C7915283B5582006038D3 /* State */ = {
			isa = PBXGroup;
			children = (
				6D7C7918283B55A2006038D3 /* AppState.swift */,
			);
			path = State;
			sourceTree = "<group>";
		};
		6DB01D4F283B69EA005C9EE7 /* Reducer */ = {
			isa = PBXGroup;
			children = (
				6DB01D50283B69F7005C9EE7 /* AppReducer.swift */,
			);
			path = Reducer;
			sourceTree = "<group>";
		};
		6DB01D52283B6EEF005C9EE7 /* ReducerProducer */ = {
			isa = PBXGroup;
			children = (
				6DB01D53283B6EFD005C9EE7 /* ReducerProducer.swift */,
			);
			path = ReducerProducer;
			sourceTree = "<group>";
		};
		6DB01D55283B7D3F005C9EE7 /* Action */ = {
			isa = PBXGroup;
			children = (
				6DB01D59283B7DAB005C9EE7 /* TrackAction.swift */,
			);
			path = Action;
			sourceTree = "<group>";
		};
		6DB01D56283B7D49005C9EE7 /* Environment */ = {
			isa = PBXGroup;
			children = (
				6DB01D5B283B7DDF005C9EE7 /* TrackEnvironment.swift */,
			);
			path = Environment;
			sourceTree = "<group>";
		};
		6DB01D57283B7D56005C9EE7 /* State */ = {
			isa = PBXGroup;
			children = (
				6DB01D5F283B7E16005C9EE7 /* TrackState.swift */,
			);
			path = State;
			sourceTree = "<group>";
		};
		6DB01D58283B7D60005C9EE7 /* Reducer */ = {
			isa = PBXGroup;
			children = (
				6DB01D5D283B7DE5005C9EE7 /* TrackReducer.swift */,
			);
			path = Reducer;
			sourceTree = "<group>";
		};
		6DB01D61283B801C005C9EE7 /* Store */ = {
			isa = PBXGroup;
			children = (
				6DB01D62283B805F005C9EE7 /* AppStore.swift */,
			);
			path = Store;
			sourceTree = "<group>";
		};
		6DB01D64283B854A005C9EE7 /* Store */ = {
			isa = PBXGroup;
			children = (
				6DB01D65283B8558005C9EE7 /* TrackStore.swift */,
			);
			path = Store;
			sourceTree = "<group>";
		};
		6DB01D67283B8718005C9EE7 /* TimeIntervalFormatter */ = {
			isa = PBXGroup;
			children = (
				6DB01D68283B872A005C9EE7 /* TimeIntervalFormatter.swift */,
			);
			path = TimeIntervalFormatter;
			sourceTree = "<group>";
		};
		6DB01D6C283B93CF005C9EE7 /* DateProvider */ = {
			isa = PBXGroup;
			children = (
				6DB01D6D283B93DF005C9EE7 /* DateProvider.swift */,
			);
			path = DateProvider;
			sourceTree = "<group>";
		};
		6DB01D76283BC525005C9EE7 /* Model */ = {
			isa = PBXGroup;
			children = (
				6DB01D77283BC52C005C9EE7 /* HistoryEntry */,
			);
			path = Model;
			sourceTree = "<group>";
		};
		6DB01D77283BC52C005C9EE7 /* HistoryEntry */ = {
			isa = PBXGroup;
			children = (
				6DB01D78283BC542005C9EE7 /* HistoryEntry.swift */,
			);
			path = HistoryEntry;
			sourceTree = "<group>";
		};
		6DB01D7B283BC6C4005C9EE7 /* HistoryEntryPersistence */ = {
			isa = PBXGroup;
			children = (
				6DB01D7C283BC6DB005C9EE7 /* HistoryEntryPresistence.swift */,
			);
			path = HistoryEntryPersistence;
			sourceTree = "<group>";
		};
/* End PBXGroup section */

/* Begin PBXNativeTarget section */
		6D7C78DC283A7C2F006038D3 /* ThymeTraque */ = {
			isa = PBXNativeTarget;
			buildConfigurationList = 6D7C78EB283A7C31006038D3 /* Build configuration list for PBXNativeTarget "ThymeTraque" */;
			buildPhases = (
				6D7C78D9283A7C2F006038D3 /* Sources */,
				6D7C78DA283A7C2F006038D3 /* Frameworks */,
				6D7C78DB283A7C2F006038D3 /* Resources */,
			);
			buildRules = (
			);
			dependencies = (
			);
			name = ThymeTraque;
			packageProductDependencies = (
				6D7C78FC283A7C98006038D3 /* ComposableArchitecture */,
			);
			productName = ThymeTraque;
			productReference = 6D7C78DD283A7C2F006038D3 /* ThymeTraque.app */;
			productType = "com.apple.product-type.application";
		};
		6D7C78F1283A7C53006038D3 /* ThymeTraqueTests */ = {
			isa = PBXNativeTarget;
			buildConfigurationList = 6D7C78F8283A7C53006038D3 /* Build configuration list for PBXNativeTarget "ThymeTraqueTests" */;
			buildPhases = (
				6D7C78EE283A7C53006038D3 /* Sources */,
				6D7C78EF283A7C53006038D3 /* Frameworks */,
				6D7C78F0283A7C53006038D3 /* Resources */,
			);
			buildRules = (
			);
			dependencies = (
				6D7C78F7283A7C53006038D3 /* PBXTargetDependency */,
			);
			name = ThymeTraqueTests;
			productName = ThymeTraqueTests;
			productReference = 6D7C78F2283A7C53006038D3 /* ThymeTraqueTests.xctest */;
			productType = "com.apple.product-type.bundle.unit-test";
		};
/* End PBXNativeTarget section */

/* Begin PBXProject section */
		6D7C78D5283A7C2F006038D3 /* Project object */ = {
			isa = PBXProject;
			attributes = {
				BuildIndependentTargetsInParallel = 1;
				LastSwiftUpdateCheck = 1330;
				LastUpgradeCheck = 1330;
				TargetAttributes = {
					6D7C78DC283A7C2F006038D3 = {
						CreatedOnToolsVersion = 13.3.1;
					};
					6D7C78F1283A7C53006038D3 = {
						CreatedOnToolsVersion = 13.3.1;
						TestTargetID = 6D7C78DC283A7C2F006038D3;
					};
				};
			};
			buildConfigurationList = 6D7C78D8283A7C2F006038D3 /* Build configuration list for PBXProject "ThymeTraque" */;
			compatibilityVersion = "Xcode 13.0";
			developmentRegion = en;
			hasScannedForEncodings = 0;
			knownRegions = (
				en,
				Base,
			);
			mainGroup = 6D7C78D4283A7C2F006038D3;
			packageReferences = (
				6D7C78FB283A7C98006038D3 /* XCRemoteSwiftPackageReference "swift-composable-architecture" */,
			);
			productRefGroup = 6D7C78DE283A7C2F006038D3 /* Products */;
			projectDirPath = "";
			projectRoot = "";
			targets = (
				6D7C78DC283A7C2F006038D3 /* ThymeTraque */,
				6D7C78F1283A7C53006038D3 /* ThymeTraqueTests */,
			);
		};
/* End PBXProject section */

/* Begin PBXResourcesBuildPhase section */
		6D7C78DB283A7C2F006038D3 /* Resources */ = {
			isa = PBXResourcesBuildPhase;
			buildActionMask = 2147483647;
			files = (
				6D7C78E8283A7C31006038D3 /* Preview Assets.xcassets in Resources */,
				6D7C78E5283A7C31006038D3 /* Assets.xcassets in Resources */,
			);
			runOnlyForDeploymentPostprocessing = 0;
		};
		6D7C78F0283A7C53006038D3 /* Resources */ = {
			isa = PBXResourcesBuildPhase;
			buildActionMask = 2147483647;
			files = (
			);
			runOnlyForDeploymentPostprocessing = 0;
		};
/* End PBXResourcesBuildPhase section */

/* Begin PBXSourcesBuildPhase section */
		6D7C78D9283A7C2F006038D3 /* Sources */ = {
			isa = PBXSourcesBuildPhase;
			buildActionMask = 2147483647;
			files = (
				6D7C790D283AA817006038D3 /* Logger.swift in Sources */,
				6DB01D79283BC542005C9EE7 /* HistoryEntry.swift in Sources */,
				6D7C7917283B558C006038D3 /* AppAction.swift in Sources */,
				6DB01D5E283B7DE5005C9EE7 /* TrackReducer.swift in Sources */,
				6D7C78E3283A7C2F006038D3 /* ContentView.swift in Sources */,
				6DB01D6E283B93DF005C9EE7 /* DateProvider.swift in Sources */,
				6DB01D5C283B7DDF005C9EE7 /* TrackEnvironment.swift in Sources */,
				6D7C7919283B55A2006038D3 /* AppState.swift in Sources */,
				6DB01D69283B872A005C9EE7 /* TimeIntervalFormatter.swift in Sources */,
				6DB01D51283B69F7005C9EE7 /* AppReducer.swift in Sources */,
				6DB01D7D283BC6DB005C9EE7 /* HistoryEntryPresistence.swift in Sources */,
				6DB01D63283B805F005C9EE7 /* AppStore.swift in Sources */,
				6D7C7909283A8955006038D3 /* HistoryView.swift in Sources */,
				6D7C7913283ABBBE006038D3 /* DateFormatter+Default.swift in Sources */,
				6DB01D5A283B7DAB005C9EE7 /* TrackAction.swift in Sources */,
				6DB01D54283B6EFD005C9EE7 /* ReducerProducer.swift in Sources */,
				6D7C7907283A8944006038D3 /* TrackView.swift in Sources */,
				6D7C78E1283A7C2F006038D3 /* ThymeTraqueApp.swift in Sources */,
				6DB01D60283B7E16005C9EE7 /* TrackState.swift in Sources */,
				6DB01D66283B8558005C9EE7 /* TrackStore.swift in Sources */,
				6D7C7910283AB0DC006038D3 /* AppEnvironment.swift in Sources */,
			);
			runOnlyForDeploymentPostprocessing = 0;
		};
		6D7C78EE283A7C53006038D3 /* Sources */ = {
			isa = PBXSourcesBuildPhase;
			buildActionMask = 2147483647;
			files = (
				6DB01D6B283B9174005C9EE7 /* TrackReducerTests.swift in Sources */,
				6D7C78F5283A7C53006038D3 /* ThymeTraqueTests.swift in Sources */,
			);
			runOnlyForDeploymentPostprocessing = 0;
		};
/* End PBXSourcesBuildPhase section */

/* Begin PBXTargetDependency section */
		6D7C78F7283A7C53006038D3 /* PBXTargetDependency */ = {
			isa = PBXTargetDependency;
			target = 6D7C78DC283A7C2F006038D3 /* ThymeTraque */;
			targetProxy = 6D7C78F6283A7C53006038D3 /* PBXContainerItemProxy */;
		};
/* End PBXTargetDependency section */

/* Begin XCBuildConfiguration section */
		6D7C78E9283A7C31006038D3 /* Debug */ = {
			isa = XCBuildConfiguration;
			buildSettings = {
				ALWAYS_SEARCH_USER_PATHS = NO;
				CLANG_ANALYZER_NONNULL = YES;
				CLANG_ANALYZER_NUMBER_OBJECT_CONVERSION = YES_AGGRESSIVE;
				CLANG_CXX_LANGUAGE_STANDARD = "gnu++17";
				CLANG_ENABLE_MODULES = YES;
				CLANG_ENABLE_OBJC_ARC = YES;
				CLANG_ENABLE_OBJC_WEAK = YES;
				CLANG_WARN_BLOCK_CAPTURE_AUTORELEASING = YES;
				CLANG_WARN_BOOL_CONVERSION = YES;
				CLANG_WARN_COMMA = YES;
				CLANG_WARN_CONSTANT_CONVERSION = YES;
				CLANG_WARN_DEPRECATED_OBJC_IMPLEMENTATIONS = YES;
				CLANG_WARN_DIRECT_OBJC_ISA_USAGE = YES_ERROR;
				CLANG_WARN_DOCUMENTATION_COMMENTS = YES;
				CLANG_WARN_EMPTY_BODY = YES;
				CLANG_WARN_ENUM_CONVERSION = YES;
				CLANG_WARN_INFINITE_RECURSION = YES;
				CLANG_WARN_INT_CONVERSION = YES;
				CLANG_WARN_NON_LITERAL_NULL_CONVERSION = YES;
				CLANG_WARN_OBJC_IMPLICIT_RETAIN_SELF = YES;
				CLANG_WARN_OBJC_LITERAL_CONVERSION = YES;
				CLANG_WARN_OBJC_ROOT_CLASS = YES_ERROR;
				CLANG_WARN_QUOTED_INCLUDE_IN_FRAMEWORK_HEADER = YES;
				CLANG_WARN_RANGE_LOOP_ANALYSIS = YES;
				CLANG_WARN_STRICT_PROTOTYPES = YES;
				CLANG_WARN_SUSPICIOUS_MOVE = YES;
				CLANG_WARN_UNGUARDED_AVAILABILITY = YES_AGGRESSIVE;
				CLANG_WARN_UNREACHABLE_CODE = YES;
				CLANG_WARN__DUPLICATE_METHOD_MATCH = YES;
				COPY_PHASE_STRIP = NO;
				DEBUG_INFORMATION_FORMAT = dwarf;
				ENABLE_STRICT_OBJC_MSGSEND = YES;
				ENABLE_TESTABILITY = YES;
				GCC_C_LANGUAGE_STANDARD = gnu11;
				GCC_DYNAMIC_NO_PIC = NO;
				GCC_NO_COMMON_BLOCKS = YES;
				GCC_OPTIMIZATION_LEVEL = 0;
				GCC_PREPROCESSOR_DEFINITIONS = (
					"DEBUG=1",
					"$(inherited)",
				);
				GCC_WARN_64_TO_32_BIT_CONVERSION = YES;
				GCC_WARN_ABOUT_RETURN_TYPE = YES_ERROR;
				GCC_WARN_UNDECLARED_SELECTOR = YES;
				GCC_WARN_UNINITIALIZED_AUTOS = YES_AGGRESSIVE;
				GCC_WARN_UNUSED_FUNCTION = YES;
				GCC_WARN_UNUSED_VARIABLE = YES;
				IPHONEOS_DEPLOYMENT_TARGET = 15.4;
				MTL_ENABLE_DEBUG_INFO = INCLUDE_SOURCE;
				MTL_FAST_MATH = YES;
				ONLY_ACTIVE_ARCH = YES;
				SDKROOT = iphoneos;
				SWIFT_ACTIVE_COMPILATION_CONDITIONS = DEBUG;
				SWIFT_OPTIMIZATION_LEVEL = "-Onone";
			};
			name = Debug;
		};
		6D7C78EA283A7C31006038D3 /* Release */ = {
			isa = XCBuildConfiguration;
			buildSettings = {
				ALWAYS_SEARCH_USER_PATHS = NO;
				CLANG_ANALYZER_NONNULL = YES;
				CLANG_ANALYZER_NUMBER_OBJECT_CONVERSION = YES_AGGRESSIVE;
				CLANG_CXX_LANGUAGE_STANDARD = "gnu++17";
				CLANG_ENABLE_MODULES = YES;
				CLANG_ENABLE_OBJC_ARC = YES;
				CLANG_ENABLE_OBJC_WEAK = YES;
				CLANG_WARN_BLOCK_CAPTURE_AUTORELEASING = YES;
				CLANG_WARN_BOOL_CONVERSION = YES;
				CLANG_WARN_COMMA = YES;
				CLANG_WARN_CONSTANT_CONVERSION = YES;
				CLANG_WARN_DEPRECATED_OBJC_IMPLEMENTATIONS = YES;
				CLANG_WARN_DIRECT_OBJC_ISA_USAGE = YES_ERROR;
				CLANG_WARN_DOCUMENTATION_COMMENTS = YES;
				CLANG_WARN_EMPTY_BODY = YES;
				CLANG_WARN_ENUM_CONVERSION = YES;
				CLANG_WARN_INFINITE_RECURSION = YES;
				CLANG_WARN_INT_CONVERSION = YES;
				CLANG_WARN_NON_LITERAL_NULL_CONVERSION = YES;
				CLANG_WARN_OBJC_IMPLICIT_RETAIN_SELF = YES;
				CLANG_WARN_OBJC_LITERAL_CONVERSION = YES;
				CLANG_WARN_OBJC_ROOT_CLASS = YES_ERROR;
				CLANG_WARN_QUOTED_INCLUDE_IN_FRAMEWORK_HEADER = YES;
				CLANG_WARN_RANGE_LOOP_ANALYSIS = YES;
				CLANG_WARN_STRICT_PROTOTYPES = YES;
				CLANG_WARN_SUSPICIOUS_MOVE = YES;
				CLANG_WARN_UNGUARDED_AVAILABILITY = YES_AGGRESSIVE;
				CLANG_WARN_UNREACHABLE_CODE = YES;
				CLANG_WARN__DUPLICATE_METHOD_MATCH = YES;
				COPY_PHASE_STRIP = NO;
				DEBUG_INFORMATION_FORMAT = "dwarf-with-dsym";
				ENABLE_NS_ASSERTIONS = NO;
				ENABLE_STRICT_OBJC_MSGSEND = YES;
				GCC_C_LANGUAGE_STANDARD = gnu11;
				GCC_NO_COMMON_BLOCKS = YES;
				GCC_WARN_64_TO_32_BIT_CONVERSION = YES;
				GCC_WARN_ABOUT_RETURN_TYPE = YES_ERROR;
				GCC_WARN_UNDECLARED_SELECTOR = YES;
				GCC_WARN_UNINITIALIZED_AUTOS = YES_AGGRESSIVE;
				GCC_WARN_UNUSED_FUNCTION = YES;
				GCC_WARN_UNUSED_VARIABLE = YES;
				IPHONEOS_DEPLOYMENT_TARGET = 15.4;
				MTL_ENABLE_DEBUG_INFO = NO;
				MTL_FAST_MATH = YES;
				SDKROOT = iphoneos;
				SWIFT_COMPILATION_MODE = wholemodule;
				SWIFT_OPTIMIZATION_LEVEL = "-O";
				VALIDATE_PRODUCT = YES;
			};
			name = Release;
		};
		6D7C78EC283A7C31006038D3 /* Debug */ = {
			isa = XCBuildConfiguration;
			buildSettings = {
				ASSETCATALOG_COMPILER_APPICON_NAME = AppIcon;
				ASSETCATALOG_COMPILER_GLOBAL_ACCENT_COLOR_NAME = AccentColor;
				CODE_SIGN_STYLE = Automatic;
				CURRENT_PROJECT_VERSION = 1;
				DEVELOPMENT_ASSET_PATHS = "\"ThymeTraque/Preview Content\"";
				DEVELOPMENT_TEAM = M7Q8CPWGNR;
				ENABLE_PREVIEWS = YES;
				GENERATE_INFOPLIST_FILE = YES;
				INFOPLIST_KEY_UIApplicationSceneManifest_Generation = YES;
				INFOPLIST_KEY_UIApplicationSupportsIndirectInputEvents = YES;
				INFOPLIST_KEY_UILaunchScreen_Generation = YES;
				INFOPLIST_KEY_UISupportedInterfaceOrientations_iPad = "UIInterfaceOrientationPortrait UIInterfaceOrientationPortraitUpsideDown UIInterfaceOrientationLandscapeLeft UIInterfaceOrientationLandscapeRight";
				INFOPLIST_KEY_UISupportedInterfaceOrientations_iPhone = "UIInterfaceOrientationPortrait UIInterfaceOrientationLandscapeLeft UIInterfaceOrientationLandscapeRight";
				LD_RUNPATH_SEARCH_PATHS = (
					"$(inherited)",
					"@executable_path/Frameworks",
				);
				MARKETING_VERSION = 1.0;
				PRODUCT_BUNDLE_IDENTIFIER = org.antonskripnik.ThymeTraque;
				PRODUCT_NAME = "$(TARGET_NAME)";
				SWIFT_EMIT_LOC_STRINGS = YES;
				SWIFT_VERSION = 5.0;
				TARGETED_DEVICE_FAMILY = "1,2";
			};
			name = Debug;
		};
		6D7C78ED283A7C31006038D3 /* Release */ = {
			isa = XCBuildConfiguration;
			buildSettings = {
				ASSETCATALOG_COMPILER_APPICON_NAME = AppIcon;
				ASSETCATALOG_COMPILER_GLOBAL_ACCENT_COLOR_NAME = AccentColor;
				CODE_SIGN_STYLE = Automatic;
				CURRENT_PROJECT_VERSION = 1;
				DEVELOPMENT_ASSET_PATHS = "\"ThymeTraque/Preview Content\"";
				DEVELOPMENT_TEAM = M7Q8CPWGNR;
				ENABLE_PREVIEWS = YES;
				GENERATE_INFOPLIST_FILE = YES;
				INFOPLIST_KEY_UIApplicationSceneManifest_Generation = YES;
				INFOPLIST_KEY_UIApplicationSupportsIndirectInputEvents = YES;
				INFOPLIST_KEY_UILaunchScreen_Generation = YES;
				INFOPLIST_KEY_UISupportedInterfaceOrientations_iPad = "UIInterfaceOrientationPortrait UIInterfaceOrientationPortraitUpsideDown UIInterfaceOrientationLandscapeLeft UIInterfaceOrientationLandscapeRight";
				INFOPLIST_KEY_UISupportedInterfaceOrientations_iPhone = "UIInterfaceOrientationPortrait UIInterfaceOrientationLandscapeLeft UIInterfaceOrientationLandscapeRight";
				LD_RUNPATH_SEARCH_PATHS = (
					"$(inherited)",
					"@executable_path/Frameworks",
				);
				MARKETING_VERSION = 1.0;
				PRODUCT_BUNDLE_IDENTIFIER = org.antonskripnik.ThymeTraque;
				PRODUCT_NAME = "$(TARGET_NAME)";
				SWIFT_EMIT_LOC_STRINGS = YES;
				SWIFT_VERSION = 5.0;
				TARGETED_DEVICE_FAMILY = "1,2";
			};
			name = Release;
		};
		6D7C78F9283A7C53006038D3 /* Debug */ = {
			isa = XCBuildConfiguration;
			buildSettings = {
				BUNDLE_LOADER = "$(TEST_HOST)";
				CODE_SIGN_STYLE = Automatic;
				CURRENT_PROJECT_VERSION = 1;
				DEVELOPMENT_TEAM = M7Q8CPWGNR;
				GENERATE_INFOPLIST_FILE = YES;
				MARKETING_VERSION = 1.0;
				PRODUCT_BUNDLE_IDENTIFIER = org.antonskripnik.ThymeTraqueTests;
				PRODUCT_NAME = "$(TARGET_NAME)";
				SWIFT_EMIT_LOC_STRINGS = NO;
				SWIFT_VERSION = 5.0;
				TARGETED_DEVICE_FAMILY = "1,2";
				TEST_HOST = "$(BUILT_PRODUCTS_DIR)/ThymeTraque.app/ThymeTraque";
			};
			name = Debug;
		};
		6D7C78FA283A7C53006038D3 /* Release */ = {
			isa = XCBuildConfiguration;
			buildSettings = {
				BUNDLE_LOADER = "$(TEST_HOST)";
				CODE_SIGN_STYLE = Automatic;
				CURRENT_PROJECT_VERSION = 1;
				DEVELOPMENT_TEAM = M7Q8CPWGNR;
				GENERATE_INFOPLIST_FILE = YES;
				MARKETING_VERSION = 1.0;
				PRODUCT_BUNDLE_IDENTIFIER = org.antonskripnik.ThymeTraqueTests;
				PRODUCT_NAME = "$(TARGET_NAME)";
				SWIFT_EMIT_LOC_STRINGS = NO;
				SWIFT_VERSION = 5.0;
				TARGETED_DEVICE_FAMILY = "1,2";
				TEST_HOST = "$(BUILT_PRODUCTS_DIR)/ThymeTraque.app/ThymeTraque";
			};
			name = Release;
		};
/* End XCBuildConfiguration section */

/* Begin XCConfigurationList section */
		6D7C78D8283A7C2F006038D3 /* Build configuration list for PBXProject "ThymeTraque" */ = {
			isa = XCConfigurationList;
			buildConfigurations = (
				6D7C78E9283A7C31006038D3 /* Debug */,
				6D7C78EA283A7C31006038D3 /* Release */,
			);
			defaultConfigurationIsVisible = 0;
			defaultConfigurationName = Release;
		};
		6D7C78EB283A7C31006038D3 /* Build configuration list for PBXNativeTarget "ThymeTraque" */ = {
			isa = XCConfigurationList;
			buildConfigurations = (
				6D7C78EC283A7C31006038D3 /* Debug */,
				6D7C78ED283A7C31006038D3 /* Release */,
			);
			defaultConfigurationIsVisible = 0;
			defaultConfigurationName = Release;
		};
		6D7C78F8283A7C53006038D3 /* Build configuration list for PBXNativeTarget "ThymeTraqueTests" */ = {
			isa = XCConfigurationList;
			buildConfigurations = (
				6D7C78F9283A7C53006038D3 /* Debug */,
				6D7C78FA283A7C53006038D3 /* Release */,
			);
			defaultConfigurationIsVisible = 0;
			defaultConfigurationName = Release;
		};
/* End XCConfigurationList section */

/* Begin XCRemoteSwiftPackageReference section */
		6D7C78FB283A7C98006038D3 /* XCRemoteSwiftPackageReference "swift-composable-architecture" */ = {
			isa = XCRemoteSwiftPackageReference;
			repositoryURL = "https://github.com/pointfreeco/swift-composable-architecture";
			requirement = {
				kind = upToNextMajorVersion;
				minimumVersion = 0.9.0;
			};
		};
/* End XCRemoteSwiftPackageReference section */

/* Begin XCSwiftPackageProductDependency section */
		6D7C78FC283A7C98006038D3 /* ComposableArchitecture */ = {
			isa = XCSwiftPackageProductDependency;
			package = 6D7C78FB283A7C98006038D3 /* XCRemoteSwiftPackageReference "swift-composable-architecture" */;
			productName = ComposableArchitecture;
		};
/* End XCSwiftPackageProductDependency section */
	};
	rootObject = 6D7C78D5283A7C2F006038D3 /* Project object */;
}
